
Microsoft Visual Studio Solution File, Format Version 12.00
# Visual Studio Version 16
VisualStudioVersion = 25.0.1706.6
MinimumVisualStudioVersion = 10.0.40219.1
Project("{FAE04EC0-301F-11D3-BF4B-00C04F79EFBC}") = "ReadExcel", "ReadExcel\ReadExcel.csproj", "{06458F08-27A5-4978-8102-C76466018767}"
EndProject
Global
	GlobalSection(SolutionConfigurationPlatforms) = preSolution
		Debug|Any CPU = Debug|Any CPU
		Release|Any CPU = Release|Any CPU
	EndGlobalSection
	GlobalSection(ProjectConfigurationPlatforms) = postSolution
		{06458F08-27A5-4978-8102-C76466018767}.Debug|Any CPU.ActiveCfg = Debug|Any CPU
		{06458F08-27A5-4978-8102-C76466018767}.Debug|Any CPU.Build.0 = Debug|Any CPU
		{06458F08-27A5-4978-8102-C76466018767}.Release|Any CPU.ActiveCfg = Release|Any CPU
		{06458F08-27A5-4978-8102-C76466018767}.Release|Any CPU.Build.0 = Release|Any CPU
	EndGlobalSection
	GlobalSection(SolutionProperties) = preSolution
		HideSolutionNode = FALSE
	EndGlobalSection
	GlobalSection(ExtensibilityGlobals) = postSolution
		SolutionGuid = {B8B7F952-8653-4295-90C3-C7D888B6104C}
	EndGlobalSection
EndGlobal
